
Microsoft Visual Studio Solution File, Format Version 12.00
# Visual Studio Version 16
VisualStudioVersion = 16.0.32002.261
MinimumVisualStudioVersion = 10.0.40219.1
Project("{FAE04EC0-301F-11D3-BF4B-00C04F79EFBC}") = "Mission3", "Mission3\Mission3.csproj", "{9C39FD48-1AA9-41DB-B8FB-3C13261F5586}"
EndProject
Global
	GlobalSection(SolutionConfigurationPlatforms) = preSolution
		Debug|Any CPU = Debug|Any CPU
		Release|Any CPU = Release|Any CPU
	EndGlobalSection
	GlobalSection(ProjectConfigurationPlatforms) = postSolution
		{9C39FD48-1AA9-41DB-B8FB-3C13261F5586}.Debug|Any CPU.ActiveCfg = Debug|Any CPU
		{9C39FD48-1AA9-41DB-B8FB-3C13261F5586}.Debug|Any CPU.Build.0 = Debug|Any CPU
		{9C39FD48-1AA9-41DB-B8FB-3C13261F5586}.Release|Any CPU.ActiveCfg = Release|Any CPU
		{9C39FD48-1AA9-41DB-B8FB-3C13261F5586}.Release|Any CPU.Build.0 = Release|Any CPU
	EndGlobalSection
	GlobalSection(SolutionProperties) = preSolution
		HideSolutionNode = FALSE
	EndGlobalSection
	GlobalSection(ExtensibilityGlobals) = postSolution
		SolutionGuid = {AF796D76-7BA9-4EFF-A9F9-7E99B5F21D92}
	EndGlobalSection
EndGlobal
